
Microsoft Visual Studio Solution File, Format Version 12.00
# Visual Studio Version 17
VisualStudioVersion = 17.9.34728.123
MinimumVisualStudioVersion = 10.0.40219.1
Project("{FAE04EC0-301F-11D3-BF4B-00C04F79EFBC}") = "ERP system", "ERP system\ERP system.csproj", "{8B3EBD0C-1CC2-4C52-A923-06A9354B2A75}"
EndProject
Global
	GlobalSection(SolutionConfigurationPlatforms) = preSolution
		Debug|Any CPU = Debug|Any CPU
		Release|Any CPU = Release|Any CPU
	EndGlobalSection
	GlobalSection(ProjectConfigurationPlatforms) = postSolution
		{8B3EBD0C-1CC2-4C52-A923-06A9354B2A75}.Debug|Any CPU.ActiveCfg = Debug|Any CPU
		{8B3EBD0C-1CC2-4C52-A923-06A9354B2A75}.Debug|Any CPU.Build.0 = Debug|Any CPU
		{8B3EBD0C-1CC2-4C52-A923-06A9354B2A75}.Release|Any CPU.ActiveCfg = Release|Any CPU
		{8B3EBD0C-1CC2-4C52-A923-06A9354B2A75}.Release|Any CPU.Build.0 = Release|Any CPU
	EndGlobalSection
	GlobalSection(SolutionProperties) = preSolution
		HideSolutionNode = FALSE
	EndGlobalSection
	GlobalSection(ExtensibilityGlobals) = postSolution
		SolutionGuid = {10FF6748-5DB6-404A-9862-C8BE9944F736}
	EndGlobalSection
EndGlobal
